
Microsoft Visual Studio Solution File, Format Version 12.00
# Visual Studio Version 16
VisualStudioVersion = 16.0.29306.81
MinimumVisualStudioVersion = 10.0.40219.1
Project("{9A19103F-16F7-4668-BE54-9A1E7A4F7556}") = "FlyingRaijin.Test", "FlyingRaijin.Test\FlyingRaijin.Test.csproj", "{11D84268-B44E-437C-8099-26780807E07F}"
EndProject
Project("{9A19103F-16F7-4668-BE54-9A1E7A4F7556}") = "FlyingRaijin.Engine", "FlyingRaijin.Engine\FlyingRaijin.Engine.csproj", "{C901F3DF-DFFD-4007-82F1-7418FCAAA4E7}"
	ProjectSection(ProjectDependencies) = postProject
		{2B53467C-3EFC-486E-B343-3F8B2321FF50} = {2B53467C-3EFC-486E-B343-3F8B2321FF50}
	EndProjectSection
EndProject
Project("{9A19103F-16F7-4668-BE54-9A1E7A4F7556}") = "FlyingRaijin.Controller", "FlyingRaijin.Controller\FlyingRaijin.Controller.csproj", "{C3333F7B-E574-442D-88A4-0880D17E9958}"
	ProjectSection(ProjectDependencies) = postProject
		{2B53467C-3EFC-486E-B343-3F8B2321FF50} = {2B53467C-3EFC-486E-B343-3F8B2321FF50}
	EndProjectSection
EndProject
Project("{9A19103F-16F7-4668-BE54-9A1E7A4F7556}") = "FlyingRaijin.Messages", "FlyingRaijin.Messages\FlyingRaijin.Messages.csproj", "{2B53467C-3EFC-486E-B343-3F8B2321FF50}"
EndProject
Project("{9A19103F-16F7-4668-BE54-9A1E7A4F7556}") = "FlyingRaijin.Service", "FlyingRaijin.Service\FlyingRaijin.Service.csproj", "{CF99969B-0E18-4D50-A87D-B2828C2B55BB}"
EndProject
Project("{2150E333-8FDC-42A3-9474-1A3956D46DE8}") = "Clients", "Clients", "{01623741-BC82-4C72-9F97-9858EF03B711}"
EndProject
Project("{FAE04EC0-301F-11D3-BF4B-00C04F79EFBC}") = "FlyingRaijin.ConsoleClient", "FlyingRaijin.ConsoleClient\FlyingRaijin.ConsoleClient.csproj", "{32632B8D-ECAD-4875-AB88-B7EF854C2819}"
EndProject
Global
	GlobalSection(SolutionConfigurationPlatforms) = preSolution
		Debug|Any CPU = Debug|Any CPU
		Release|Any CPU = Release|Any CPU
	EndGlobalSection
	GlobalSection(ProjectConfigurationPlatforms) = postSolution
		{11D84268-B44E-437C-8099-26780807E07F}.Debug|Any CPU.ActiveCfg = Debug|Any CPU
		{11D84268-B44E-437C-8099-26780807E07F}.Debug|Any CPU.Build.0 = Debug|Any CPU
		{11D84268-B44E-437C-8099-26780807E07F}.Release|Any CPU.ActiveCfg = Release|Any CPU
		{11D84268-B44E-437C-8099-26780807E07F}.Release|Any CPU.Build.0 = Release|Any CPU
		{C901F3DF-DFFD-4007-82F1-7418FCAAA4E7}.Debug|Any CPU.ActiveCfg = Debug|Any CPU
		{C901F3DF-DFFD-4007-82F1-7418FCAAA4E7}.Debug|Any CPU.Build.0 = Debug|Any CPU
		{C901F3DF-DFFD-4007-82F1-7418FCAAA4E7}.Release|Any CPU.ActiveCfg = Release|Any CPU
		{C901F3DF-DFFD-4007-82F1-7418FCAAA4E7}.Release|Any CPU.Build.0 = Release|Any CPU
		{C3333F7B-E574-442D-88A4-0880D17E9958}.Debug|Any CPU.ActiveCfg = Debug|Any CPU
		{C3333F7B-E574-442D-88A4-0880D17E9958}.Debug|Any CPU.Build.0 = Debug|Any CPU
		{C3333F7B-E574-442D-88A4-0880D17E9958}.Release|Any CPU.ActiveCfg = Release|Any CPU
		{C3333F7B-E574-442D-88A4-0880D17E9958}.Release|Any CPU.Build.0 = Release|Any CPU
		{2B53467C-3EFC-486E-B343-3F8B2321FF50}.Debug|Any CPU.ActiveCfg = Debug|Any CPU
		{2B53467C-3EFC-486E-B343-3F8B2321FF50}.Debug|Any CPU.Build.0 = Debug|Any CPU
		{2B53467C-3EFC-486E-B343-3F8B2321FF50}.Release|Any CPU.ActiveCfg = Release|Any CPU
		{2B53467C-3EFC-486E-B343-3F8B2321FF50}.Release|Any CPU.Build.0 = Release|Any CPU
		{CF99969B-0E18-4D50-A87D-B2828C2B55BB}.Debug|Any CPU.ActiveCfg = Debug|Any CPU
		{CF99969B-0E18-4D50-A87D-B2828C2B55BB}.Debug|Any CPU.Build.0 = Debug|Any CPU
		{CF99969B-0E18-4D50-A87D-B2828C2B55BB}.Release|Any CPU.ActiveCfg = Release|Any CPU
		{CF99969B-0E18-4D50-A87D-B2828C2B55BB}.Release|Any CPU.Build.0 = Release|Any CPU
		{32632B8D-ECAD-4875-AB88-B7EF854C2819}.Debug|Any CPU.ActiveCfg = Debug|Any CPU
		{32632B8D-ECAD-4875-AB88-B7EF854C2819}.Debug|Any CPU.Build.0 = Debug|Any CPU
		{32632B8D-ECAD-4875-AB88-B7EF854C2819}.Release|Any CPU.ActiveCfg = Release|Any CPU
		{32632B8D-ECAD-4875-AB88-B7EF854C2819}.Release|Any CPU.Build.0 = Release|Any CPU
	EndGlobalSection
	GlobalSection(SolutionProperties) = preSolution
		HideSolutionNode = FALSE
	EndGlobalSection
	GlobalSection(NestedProjects) = preSolution
		{32632B8D-ECAD-4875-AB88-B7EF854C2819} = {01623741-BC82-4C72-9F97-9858EF03B711}
	EndGlobalSection
	GlobalSection(ExtensibilityGlobals) = postSolution
		SolutionGuid = {621CC4F7-EBE3-401D-A96B-431D4EA8D72D}
	EndGlobalSection
EndGlobal
